{
  "nodes": {
    "chapterz": {
      "inputs": {
        "flake-utils": [
          "flake-utils"
        ],
        "nix-update-scripts": [
          "nix-update-scripts"
        ],
        "nixpkgs": [
          "nixpkgs"
        ],
        "pre-commit-hooks": [
          "pre-commit-hooks"
        ],
        "treefmt-nix": [
          "treefmt-nix"
        ]
      },
      "locked": {
        "lastModified": 1779117915,
        "narHash": "sha256-+0FnKmOxXf1gKodDQPCU61H+YlSDgP5T36nQa7ETfy4=",
        "owner": "jwillikers",
        "repo": "chapterz",
        "rev": "ab9ac833e2b79f425088ba22a81d329c18e71dbb",
        "type": "github"
      },
      "original": {
        "owner": "jwillikers",
        "repo": "chapterz",
        "type": "github"
      }
    },
    "flake-compat": {
      "flake": false,
      "locked": {
        "lastModified": 1767039857,
        "narHash": "sha256-vNpUSpF5Nuw8xvDLj2KCwwksIbjua2LZCqhV1LNRDns=",
        "owner": "NixOS",
        "repo": "flake-compat",
        "rev": "5edf11c44bc78a0d334f6334cdaf7d60d732daab",
        "type": "github"
      },
      "original": {
        "owner": "NixOS",
        "repo": "flake-compat",
        "type": "github"
      }
    },
    "flake-compat_2": {
      "flake": false,
      "locked": {
        "lastModified": 1767039857,
        "narHash": "sha256-vNpUSpF5Nuw8xvDLj2KCwwksIbjua2LZCqhV1LNRDns=",
        "owner": "NixOS",
        "repo": "flake-compat",
        "rev": "5edf11c44bc78a0d334f6334cdaf7d60d732daab",
        "type": "github"
      },
      "original": {
        "owner": "NixOS",
        "repo": "flake-compat",
        "type": "github"
      }
    },
    "flake-utils": {
      "inputs": {
        "systems": "systems"
      },
      "locked": {
        "lastModified": 1731533236,
        "narHash": "sha256-l0KFg5HjrsfsO/JpG+r7fRrqm12kzFHyUHqHCVpMMbI=",
        "owner": "numtide",
        "repo": "flake-utils",
        "rev": "11707dc2f618dd54ca8739b309ec4fc024de578b",
        "type": "github"
      },
      "original": {
        "owner": "numtide",
        "repo": "flake-utils",
        "type": "github"
      }
    },
    "flake-utils_2": {
      "inputs": {
        "systems": "systems_2"
      },
      "locked": {
        "lastModified": 1731533236,
        "narHash": "sha256-l0KFg5HjrsfsO/JpG+r7fRrqm12kzFHyUHqHCVpMMbI=",
        "owner": "numtide",
        "repo": "flake-utils",
        "rev": "11707dc2f618dd54ca8739b309ec4fc024de578b",
        "type": "github"
      },
      "original": {
        "owner": "numtide",
        "repo": "flake-utils",
        "type": "github"
      }
    },
    "gitignore": {
      "inputs": {
        "nixpkgs": [
          "private-nixpkgs",
          "pre-commit-hooks",
          "nixpkgs"
        ]
      },
      "locked": {
        "lastModified": 1709087332,
        "narHash": "sha256-HG2cCnktfHsKV0s4XW83gU3F57gaTljL9KNSuG6bnQs=",
        "owner": "hercules-ci",
        "repo": "gitignore.nix",
        "rev": "637db329424fd7e46cf4185293b9cc8c88c95394",
        "type": "github"
      },
      "original": {
        "owner": "hercules-ci",
        "repo": "gitignore.nix",
        "type": "github"
      }
    },
    "home-manager": {
      "inputs": {
        "nixpkgs": [
          "nixpkgs"
        ]
      },
      "locked": {
        "lastModified": 1787377438,
        "narHash": "sha256-Sxu1NLTD/Ern6hFGLlZmtKCSct3YQXZI/lls8RE1XeM=",
        "owner": "nix-community",
        "repo": "home-manager",
        "rev": "65258d5c65a250189fde2e35f490d15e064c4c62",
        "type": "github"
      },
      "original": {
        "owner": "nix-community",
        "ref": "release-26.05",
        "repo": "home-manager",
        "type": "github"
      }
    },
    "m4b-tool": {
      "inputs": {
        "flake-utils": [
          "flake-utils"
        ],
        "nixpkgs": [
          "nixpkgs"
        ]
      },
      "locked": {
        "lastModified": 1746711434,
        "narHash": "sha256-Apt7xKMDXveHvGGGXimMPFAUjBlUPVCpz+RqpGLlC7A=",
        "owner": "sandreas",
        "repo": "m4b-tool",
        "rev": "68f12111e37a589b74ee1b3e2aa73248f4003da3",
        "type": "github"
      },
      "original": {
        "owner": "sandreas",
        "repo": "m4b-tool",
        "type": "github"
      }
    },
    "media-juggler": {
      "inputs": {
        "flake-utils": [
          "flake-utils"
        ],
        "m4b-tool": [
          "m4b-tool"
        ],
        "nix-update-scripts": [
          "nix-update-scripts"
        ],
        "nixpkgs": [
          "nixpkgs"
        ],
        "nixpkgs-unstable": [
          "nixpkgs-unstable"
        ],
        "pre-commit-hooks": [
          "pre-commit-hooks"
        ],
        "treefmt-nix": [
          "treefmt-nix"
        ]
      },
      "locked": {
        "lastModified": 1787582258,
        "narHash": "sha256-UKhGwjotT08cproISYVdNIRru3fZDqCz7PSfDDMAuVs=",
        "owner": "jwillikers",
        "repo": "media-juggler",
        "rev": "37a23c8cf013374647dfa8193705c36c62ed2d21",
        "type": "github"
      },
      "original": {
        "owner": "jwillikers",
        "repo": "media-juggler",
        "type": "github"
      }
    },
    "nix-index-database": {
      "inputs": {
        "nixpkgs": [
          "nixpkgs"
        ]
      },
      "locked": {
        "lastModified": 1787457452,
        "narHash": "sha256-FJh4esFS3zqNNuKwvN3t6wrJGewqp1AUF9DAEvoKPD8=",
        "owner": "Mic92",
        "repo": "nix-index-database",
        "rev": "c51d5c2ba69c907a34e90c9b6b80cd2b93811745",
        "type": "github"
      },
      "original": {
        "owner": "Mic92",
        "repo": "nix-index-database",
        "type": "github"
      }
    },
    "nix-secrets": {
      "flake": false,
      "locked": {
        "lastModified": 1766337625,
        "narHash": "sha256-oGS/Mk6ADqcEXn97FL5YdXvhPx7m5vTBcW4Y0kA9X5A=",
        "ref": "refs/heads/main",
        "rev": "c78f7972f08a6bee2621945ea65b8978ab9f1ed9",
        "shallow": true,
        "type": "git",
        "url": "ssh://git@forgejo.jwillikers.io/jwillikers/nix-secrets.git"
      },
      "original": {
        "shallow": true,
        "type": "git",
        "url": "ssh://git@forgejo.jwillikers.io/jwillikers/nix-secrets.git"
      }
    },
    "nix-update-scripts": {
      "inputs": {
        "flake-utils": [
          "flake-utils"
        ],
        "nixpkgs": [
          "nixpkgs"
        ],
        "pre-commit-hooks": [
          "pre-commit-hooks"
        ],
        "treefmt-nix": [
          "treefmt-nix"
        ]
      },
      "locked": {
        "lastModified": 1775402266,
        "narHash": "sha256-jevIRGJvW8nYQd582LzbYfnSVSlZK4wpKwxKO6m8LJo=",
        "owner": "jwillikers",
        "repo": "nix-update-scripts",
        "rev": "cf332602ef08e70e48d91c91fb86ed33471471a4",
        "type": "github"
      },
      "original": {
        "owner": "jwillikers",
        "repo": "nix-update-scripts",
        "type": "github"
      }
    },
    "nix-update-scripts_2": {
      "inputs": {
        "flake-utils": [
          "private-nixpkgs",
          "flake-utils"
        ],
        "nixpkgs": [
          "private-nixpkgs",
          "nixpkgs"
        ],
        "pre-commit-hooks": [
          "private-nixpkgs",
          "pre-commit-hooks"
        ],
        "treefmt-nix": [
          "private-nixpkgs",
          "treefmt-nix"
        ]
      },
      "locked": {
        "lastModified": 1775402266,
        "narHash": "sha256-jevIRGJvW8nYQd582LzbYfnSVSlZK4wpKwxKO6m8LJo=",
        "owner": "jwillikers",
        "repo": "nix-update-scripts",
        "rev": "cf332602ef08e70e48d91c91fb86ed33471471a4",
        "type": "github"
      },
      "original": {
        "owner": "jwillikers",
        "repo": "nix-update-scripts",
        "type": "github"
      }
    },
    "nixpkgs": {
      "locked": {
        "lastModified": 1787848966,
        "narHash": "sha256-7gDpu5hpq0rOYnYMcOWqSzquK4HA/xU8Xf3CjUBOOJA=",
        "owner": "NixOS",
        "repo": "nixpkgs",
        "rev": "d57af924f160a5084293c71c2043f058bd1cdb60",
        "type": "github"
      },
      "original": {
        "owner": "NixOS",
        "ref": "nixos-26.05",
        "repo": "nixpkgs",
        "type": "github"
      }
    },
    "nixpkgs-unstable": {
      "locked": {
        "lastModified": 1788020404,
        "narHash": "sha256-Dp+vZGBkavDIBSArvSdbZWNjuCNcu2cuZoMVIws7E30=",
        "owner": "NixOS",
        "repo": "nixpkgs",
        "rev": "36614734835d20c805fc0073fc17d215989a3a9b",
        "type": "github"
      },
      "original": {
        "owner": "NixOS",
        "repo": "nixpkgs",
        "type": "github"
      }
    },
    "pre-commit-hooks": {
      "inputs": {
        "flake-compat": "flake-compat",
        "nixpkgs": [
          "nixpkgs"
        ]
      },
      "locked": {
        "lastModified": 1787424939,
        "narHash": "sha256-O2tBn84NNuHrnqNVxx/XqsXwfYvS1YwBh+7CBnbCYsk=",
        "owner": "cachix",
        "repo": "pre-commit-hooks.nix",
        "rev": "809414f0cdadf82cf11b06c2b29ba9b3168b3297",
        "type": "github"
      },
      "original": {
        "owner": "cachix",
        "repo": "pre-commit-hooks.nix",
        "type": "github"
      }
    },
    "pre-commit-hooks_2": {
      "inputs": {
        "flake-compat": "flake-compat_2",
        "gitignore": "gitignore",
        "nixpkgs": [
          "private-nixpkgs",
          "nixpkgs"
        ]
      },
      "locked": {
        "lastModified": 1776796298,
        "narHash": "sha256-PcRvlWayisPSjd0UcRQbhG8Oqw78AcPE6x872cPRHN8=",
        "owner": "cachix",
        "repo": "pre-commit-hooks.nix",
        "rev": "3cfd774b0a530725a077e17354fbdb87ea1c4aad",
        "type": "github"
      },
      "original": {
        "owner": "cachix",
        "repo": "pre-commit-hooks.nix",
        "type": "github"
      }
    },
    "private-nixpkgs": {
      "inputs": {
        "flake-utils": "flake-utils_2",
        "nix-update-scripts": "nix-update-scripts_2",
        "nixpkgs": [
          "nixpkgs"
        ],
        "nixpkgs-unstable": [
          "nixpkgs-unstable"
        ],
        "pre-commit-hooks": "pre-commit-hooks_2",
        "treefmt-nix": "treefmt-nix"
      },
      "locked": {
        "lastModified": 1786643252,
        "narHash": "sha256-QwxiBXU4eP1nXkMAwlmGRlSKwczjVXJJPoIz1bd4ehM=",
        "ref": "refs/heads/main",
        "rev": "b083b8f01eb6eb131fee4136ffb71e1220a496c3",
        "shallow": true,
        "type": "git",
        "url": "ssh://git@forgejo.jwillikers.io/jwillikers/private-nixpkgs.git"
      },
      "original": {
        "shallow": true,
        "type": "git",
        "url": "ssh://git@forgejo.jwillikers.io/jwillikers/private-nixpkgs.git"
      }
    },
    "root": {
      "inputs": {
        "chapterz": "chapterz",
        "flake-utils": "flake-utils",
        "home-manager": "home-manager",
        "m4b-tool": "m4b-tool",
        "media-juggler": "media-juggler",
        "nix-index-database": "nix-index-database",
        "nix-secrets": "nix-secrets",
        "nix-update-scripts": "nix-update-scripts",
        "nixpkgs": "nixpkgs",
        "nixpkgs-unstable": "nixpkgs-unstable",
        "pre-commit-hooks": "pre-commit-hooks",
        "private-nixpkgs": "private-nixpkgs",
        "sops-nix": "sops-nix",
        "treefmt-nix": "treefmt-nix_2"
      }
    },
    "sops-nix": {
      "inputs": {
        "nixpkgs": [
          "nixpkgs"
        ]
      },
      "locked": {
        "lastModified": 1786629091,
        "narHash": "sha256-gkig4nPi1CWc4Z50GBsjE4ygSE7hMpl/TwID2an2Cck=",
        "owner": "Mic92",
        "repo": "sops-nix",
        "rev": "a8627b21b9107c5711c96b84f32a9a4b3d45295f",
        "type": "github"
      },
      "original": {
        "owner": "Mic92",
        "repo": "sops-nix",
        "type": "github"
      }
    },
    "systems": {
      "locked": {
        "lastModified": 1681028828,
        "narHash": "sha256-Vy1rq5AaRuLzOxct8nz4T6wlgyUR7zLU309k9mBC768=",
        "owner": "nix-systems",
        "repo": "default",
        "rev": "da67096a3b9bf56a91d16901293e51ba5b49a27e",
        "type": "github"
      },
      "original": {
        "owner": "nix-systems",
        "repo": "default",
        "type": "github"
      }
    },
    "systems_2": {
      "locked": {
        "lastModified": 1681028828,
        "narHash": "sha256-Vy1rq5AaRuLzOxct8nz4T6wlgyUR7zLU309k9mBC768=",
        "owner": "nix-systems",
        "repo": "default",
        "rev": "da67096a3b9bf56a91d16901293e51ba5b49a27e",
        "type": "github"
      },
      "original": {
        "owner": "nix-systems",
        "repo": "default",
        "type": "github"
      }
    },
    "treefmt-nix": {
      "inputs": {
        "nixpkgs": [
          "private-nixpkgs",
          "nixpkgs"
        ]
      },
      "locked": {
        "lastModified": 1775636079,
        "narHash": "sha256-pc20NRoMdiar8oPQceQT47UUZMBTiMdUuWrYu2obUP0=",
        "owner": "numtide",
        "repo": "treefmt-nix",
        "rev": "790751ff7fd3801feeaf96d7dc416a8d581265ba",
        "type": "github"
      },
      "original": {
        "owner": "numtide",
        "repo": "treefmt-nix",
        "type": "github"
      }
    },
    "treefmt-nix_2": {
      "inputs": {
        "nixpkgs": [
          "nixpkgs"
        ]
      },
      "locked": {
        "lastModified": 1786901030,
        "narHash": "sha256-WSFCsDSE5ffgD2MqzkM2CYjeFiKhRF/dJUN8uedb6YE=",
        "owner": "numtide",
        "repo": "treefmt-nix",
        "rev": "27b3b12a8e6375f28ebe122f07d230ca5459bbfa",
        "type": "github"
      },
      "original": {
        "owner": "numtide",
        "repo": "treefmt-nix",
        "type": "github"
      }
    }
  },
  "root": "root",
  "version": 7
}
